
Microsoft Visual Studio Solution File, Format Version 12.00
Project("{2150E333-8FDC-42A3-9474-1A3956D46DE8}") = "Server", "Server", "{78CA19ED-7C91-4839-B63E-519BD2C513B6}"
EndProject
Project("{FAE04EC0-301F-11D3-BF4B-00C04F79EFBC}") = "Entities", "Server\Entities\Entities.csproj", "{C2228535-9E97-4FBC-9065-4050B0F83F32}"
EndProject
Project("{FAE04EC0-301F-11D3-BF4B-00C04F79EFBC}") = "InMemoryRepositories", "Server\InMemoryRepositories\InMemoryRepositories.csproj", "{2A4F01FB-EBA4-4AF8-BA05-345A9F8C8120}"
EndProject
Project("{FAE04EC0-301F-11D3-BF4B-00C04F79EFBC}") = "RepositoryContracts", "Server\RepositoryContracts\RepositoryContracts.csproj", "{0E668794-5DC6-4396-ABBE-864FA4013F1C}"
EndProject
Project("{FAE04EC0-301F-11D3-BF4B-00C04F79EFBC}") = "CLI", "Server\CLI\CLI.csproj", "{94955906-1E50-46A9-93BF-BD9E06CFD114}"
EndProject
Project("{FAE04EC0-301F-11D3-BF4B-00C04F79EFBC}") = "FileRepositories", "Server\FileRepositories\FileRepositories.csproj", "{8FA755F5-2205-4A31-84AC-B24B567A3570}"
EndProject
Project("{2150E333-8FDC-42A3-9474-1A3956D46DE8}") = "Shared", "Shared", "{1177B9CB-2F55-427E-B835-3C2782A7C121}"
EndProject
Project("{FAE04EC0-301F-11D3-BF4B-00C04F79EFBC}") = "DTOs", "DTOs\DTOs.csproj", "{8F201642-5191-4CC7-ADCA-325F7B67ABCA}"
EndProject
Project("{FAE04EC0-301F-11D3-BF4B-00C04F79EFBC}") = "WebAPI", "Server\WebAPI\WebAPI.csproj", "{7CA0C6E3-ADD5-4538-A16C-E60C30BCF8B8}"
EndProject
Project("{2150E333-8FDC-42A3-9474-1A3956D46DE8}") = "Client", "Client", "{C363FA25-C016-4C85-ACC4-ABA10C95D23B}"
EndProject
Project("{FAE04EC0-301F-11D3-BF4B-00C04F79EFBC}") = "BlazorApp", "BlazorApp\BlazorApp.csproj", "{4A8716B7-2E2D-4E0F-AD25-78320C20C346}"
EndProject
Global
	GlobalSection(SolutionConfigurationPlatforms) = preSolution
		Debug|Any CPU = Debug|Any CPU
		Release|Any CPU = Release|Any CPU
	EndGlobalSection
	GlobalSection(NestedProjects) = preSolution
		{C2228535-9E97-4FBC-9065-4050B0F83F32} = {78CA19ED-7C91-4839-B63E-519BD2C513B6}
		{2A4F01FB-EBA4-4AF8-BA05-345A9F8C8120} = {78CA19ED-7C91-4839-B63E-519BD2C513B6}
		{0E668794-5DC6-4396-ABBE-864FA4013F1C} = {78CA19ED-7C91-4839-B63E-519BD2C513B6}
		{94955906-1E50-46A9-93BF-BD9E06CFD114} = {78CA19ED-7C91-4839-B63E-519BD2C513B6}
		{8FA755F5-2205-4A31-84AC-B24B567A3570} = {78CA19ED-7C91-4839-B63E-519BD2C513B6}
		{8F201642-5191-4CC7-ADCA-325F7B67ABCA} = {1177B9CB-2F55-427E-B835-3C2782A7C121}
		{7CA0C6E3-ADD5-4538-A16C-E60C30BCF8B8} = {78CA19ED-7C91-4839-B63E-519BD2C513B6}
		{4A8716B7-2E2D-4E0F-AD25-78320C20C346} = {C363FA25-C016-4C85-ACC4-ABA10C95D23B}
	EndGlobalSection
	GlobalSection(ProjectConfigurationPlatforms) = postSolution
		{C2228535-9E97-4FBC-9065-4050B0F83F32}.Debug|Any CPU.ActiveCfg = Debug|Any CPU
		{C2228535-9E97-4FBC-9065-4050B0F83F32}.Debug|Any CPU.Build.0 = Debug|Any CPU
		{C2228535-9E97-4FBC-9065-4050B0F83F32}.Release|Any CPU.ActiveCfg = Release|Any CPU
		{C2228535-9E97-4FBC-9065-4050B0F83F32}.Release|Any CPU.Build.0 = Release|Any CPU
		{2A4F01FB-EBA4-4AF8-BA05-345A9F8C8120}.Debug|Any CPU.ActiveCfg = Debug|Any CPU
		{2A4F01FB-EBA4-4AF8-BA05-345A9F8C8120}.Debug|Any CPU.Build.0 = Debug|Any CPU
		{2A4F01FB-EBA4-4AF8-BA05-345A9F8C8120}.Release|Any CPU.ActiveCfg = Release|Any CPU
		{2A4F01FB-EBA4-4AF8-BA05-345A9F8C8120}.Release|Any CPU.Build.0 = Release|Any CPU
		{0E668794-5DC6-4396-ABBE-864FA4013F1C}.Debug|Any CPU.ActiveCfg = Debug|Any CPU
		{0E668794-5DC6-4396-ABBE-864FA4013F1C}.Debug|Any CPU.Build.0 = Debug|Any CPU
		{0E668794-5DC6-4396-ABBE-864FA4013F1C}.Release|Any CPU.ActiveCfg = Release|Any CPU
		{0E668794-5DC6-4396-ABBE-864FA4013F1C}.Release|Any CPU.Build.0 = Release|Any CPU
		{94955906-1E50-46A9-93BF-BD9E06CFD114}.Debug|Any CPU.ActiveCfg = Debug|Any CPU
		{94955906-1E50-46A9-93BF-BD9E06CFD114}.Debug|Any CPU.Build.0 = Debug|Any CPU
		{94955906-1E50-46A9-93BF-BD9E06CFD114}.Release|Any CPU.ActiveCfg = Release|Any CPU
		{94955906-1E50-46A9-93BF-BD9E06CFD114}.Release|Any CPU.Build.0 = Release|Any CPU
		{8FA755F5-2205-4A31-84AC-B24B567A3570}.Debug|Any CPU.ActiveCfg = Debug|Any CPU
		{8FA755F5-2205-4A31-84AC-B24B567A3570}.Debug|Any CPU.Build.0 = Debug|Any CPU
		{8FA755F5-2205-4A31-84AC-B24B567A3570}.Release|Any CPU.ActiveCfg = Release|Any CPU
		{8FA755F5-2205-4A31-84AC-B24B567A3570}.Release|Any CPU.Build.0 = Release|Any CPU
		{8F201642-5191-4CC7-ADCA-325F7B67ABCA}.Debug|Any CPU.ActiveCfg = Debug|Any CPU
		{8F201642-5191-4CC7-ADCA-325F7B67ABCA}.Debug|Any CPU.Build.0 = Debug|Any CPU
		{8F201642-5191-4CC7-ADCA-325F7B67ABCA}.Release|Any CPU.ActiveCfg = Release|Any CPU
		{8F201642-5191-4CC7-ADCA-325F7B67ABCA}.Release|Any CPU.Build.0 = Release|Any CPU
		{7CA0C6E3-ADD5-4538-A16C-E60C30BCF8B8}.Debug|Any CPU.ActiveCfg = Debug|Any CPU
		{7CA0C6E3-ADD5-4538-A16C-E60C30BCF8B8}.Debug|Any CPU.Build.0 = Debug|Any CPU
		{7CA0C6E3-ADD5-4538-A16C-E60C30BCF8B8}.Release|Any CPU.ActiveCfg = Release|Any CPU
		{7CA0C6E3-ADD5-4538-A16C-E60C30BCF8B8}.Release|Any CPU.Build.0 = Release|Any CPU
		{4A8716B7-2E2D-4E0F-AD25-78320C20C346}.Debug|Any CPU.ActiveCfg = Debug|Any CPU
		{4A8716B7-2E2D-4E0F-AD25-78320C20C346}.Debug|Any CPU.Build.0 = Debug|Any CPU
		{4A8716B7-2E2D-4E0F-AD25-78320C20C346}.Release|Any CPU.ActiveCfg = Release|Any CPU
		{4A8716B7-2E2D-4E0F-AD25-78320C20C346}.Release|Any CPU.Build.0 = Release|Any CPU
	EndGlobalSection
EndGlobal
