
Microsoft Visual Studio Solution File, Format Version 12.00
Project("{2150E333-8FDC-42A3-9474-1A3956D46DE8}") = "Server", "Server", "{78CA19ED-7C91-4839-B63E-519BD2C513B6}"
EndProject
Project("{FAE04EC0-301F-11D3-BF4B-00C04F79EFBC}") = "Entities", "Server\Entities\Entities.csproj", "{C2228535-9E97-4FBC-9065-4050B0F83F32}"
EndProject
Global
	GlobalSection(SolutionConfigurationPlatforms) = preSolution
		Debug|Any CPU = Debug|Any CPU
		Release|Any CPU = Release|Any CPU
	EndGlobalSection
	GlobalSection(NestedProjects) = preSolution
		{C2228535-9E97-4FBC-9065-4050B0F83F32} = {78CA19ED-7C91-4839-B63E-519BD2C513B6}
	EndGlobalSection
	GlobalSection(ProjectConfigurationPlatforms) = postSolution
		{C2228535-9E97-4FBC-9065-4050B0F83F32}.Debug|Any CPU.ActiveCfg = Debug|Any CPU
		{C2228535-9E97-4FBC-9065-4050B0F83F32}.Debug|Any CPU.Build.0 = Debug|Any CPU
		{C2228535-9E97-4FBC-9065-4050B0F83F32}.Release|Any CPU.ActiveCfg = Release|Any CPU
		{C2228535-9E97-4FBC-9065-4050B0F83F32}.Release|Any CPU.Build.0 = Release|Any CPU
	EndGlobalSection
EndGlobal
